{
  "name": "@kris701/ez-ui",
  "version": "0.0.10",
  "lockfileVersion": 3,
  "requires": true,
  "packages": {
    "": {
      "name": "@kris701/ez-ui",
      "version": "0.0.10",
      "dependencies": {
        "@taiga-ui/addon-mobile": "^5.15.0",
        "@taiga-ui/addon-table": "^5.15.0",
        "@taiga-ui/core": "^5.15.0",
        "@taiga-ui/icons": "^5.15.0",
        "@taiga-ui/kit": "^5.15.0",
        "compressorjs": "^1.3.0",
        "marked": "^18.0.6",
        "tslib": "^2.3.0",
        "uuid": "^14.0.1"
      },
      "peerDependencies": {
        "@angular/common": "^22.0.0",
        "@angular/core": "^22.0.0"
      }
    },
    "node_modules/@angular-devkit/core": {
      "version": "22.0.7",
      "license": "MIT",
      "optional": true,
      "peer": true,
      "dependencies": {
        "ajv": "8.20.0",
        "ajv-formats": "3.0.1",
        "jsonc-parser": "3.3.1",
        "picomatch": "4.0.4",
        "rxjs": "7.8.2",
        "source-map": "0.7.6"
      },
      "engines": {
        "node": "^22.22.3 || ^24.15.0 || >=26.0.0",
        "npm": "^6.11.0 || ^7.5.6 || >=8.0.0",
        "yarn": ">= 1.13.0"
      },
      "peerDependencies": {
        "chokidar": "^5.0.0"
      },
      "peerDependenciesMeta": {
        "chokidar": {
          "optional": true
        }
      }
    },
    "node_modules/@angular-devkit/schematics": {
      "version": "22.0.7",
      "license": "MIT",
      "optional": true,
      "peer": true,
      "dependencies": {
        "@angular-devkit/core": "22.0.7",
        "jsonc-parser": "3.3.1",
        "magic-string": "0.30.21",
        "ora": "9.4.0",
        "rxjs": "7.8.2"
      },
      "engines": {
        "node": "^22.22.3 || ^24.15.0 || >=26.0.0",
        "npm": "^6.11.0 || ^7.5.6 || >=8.0.0",
        "yarn": ">= 1.13.0"
      }
    },
    "node_modules/@angular/cdk": {
      "version": "22.0.5",
      "license": "MIT",
      "peer": true,
      "dependencies": {
        "parse5": "^8.0.0",
        "tslib": "^2.3.0"
      },
      "peerDependencies": {
        "@angular/common": "^22.0.0 || ^23.0.0",
        "@angular/core": "^22.0.0 || ^23.0.0",
        "@angular/platform-browser": "^22.0.0 || ^23.0.0",
        "rxjs": "^6.5.3 || ^7.4.0"
      }
    },
    "node_modules/@angular/common": {
      "version": "22.0.7",
      "license": "MIT",
      "peer": true,
      "dependencies": {
        "tslib": "^2.3.0"
      },
      "engines": {
        "node": "^22.22.3 || ^24.15.0 || >=26.0.0"
      },
      "peerDependencies": {
        "@angular/core": "22.0.7",
        "rxjs": "^6.5.3 || ^7.4.0"
      }
    },
    "node_modules/@angular/core": {
      "version": "22.0.7",
      "license": "MIT",
      "peer": true,
      "dependencies": {
        "tslib": "^2.3.0"
      },
      "engines": {
        "node": "^22.22.3 || ^24.15.0 || >=26.0.0"
      },
      "peerDependencies": {
        "@angular/compiler": "22.0.7",
        "rxjs": "^6.5.3 || ^7.4.0",
        "zone.js": "~0.15.0 || ~0.16.0"
      },
      "peerDependenciesMeta": {
        "@angular/compiler": {
          "optional": true
        },
        "zone.js": {
          "optional": true
        }
      }
    },
    "node_modules/@angular/forms": {
      "version": "22.0.7",
      "license": "MIT",
      "peer": true,
      "dependencies": {
        "@standard-schema/spec": "^1.0.0",
        "tslib": "^2.3.0",
        "zod": "^4.0.10"
      },
      "engines": {
        "node": "^22.22.3 || ^24.15.0 || >=26.0.0"
      },
      "peerDependencies": {
        "@angular/common": "22.0.7",
        "@angular/core": "22.0.7",
        "@angular/platform-browser": "22.0.7",
        "rxjs": "^6.5.3 || ^7.4.0"
      }
    },
    "node_modules/@angular/platform-browser": {
      "version": "22.0.7",
      "license": "MIT",
      "peer": true,
      "dependencies": {
        "tslib": "^2.3.0"
      },
      "engines": {
        "node": "^22.22.3 || ^24.15.0 || >=26.0.0"
      },
      "peerDependencies": {
        "@angular/animations": "22.0.7",
        "@angular/common": "22.0.7",
        "@angular/core": "22.0.7"
      },
      "peerDependenciesMeta": {
        "@angular/animations": {
          "optional": true
        }
      }
    },
    "node_modules/@angular/router": {
      "version": "22.0.7",
      "license": "MIT",
      "peer": true,
      "dependencies": {
        "tslib": "^2.3.0"
      },
      "engines": {
        "node": "^22.22.3 || ^24.15.0 || >=26.0.0"
      },
      "peerDependencies": {
        "@angular/common": "22.0.7",
        "@angular/core": "22.0.7",
        "@angular/platform-browser": "22.0.7",
        "rxjs": "^6.5.3 || ^7.4.0"
      }
    },
    "node_modules/@jridgewell/sourcemap-codec": {
      "version": "1.5.5",
      "license": "MIT",
      "optional": true,
      "peer": true
    },
    "node_modules/@maskito/angular": {
      "version": "5.3.1",
      "license": "Apache-2.0",
      "peer": true,
      "dependencies": {
        "tslib": "2.8.1"
      },
      "peerDependencies": {
        "@angular/core": ">=19.0.0",
        "@angular/forms": ">=19.0.0",
        "@maskito/core": "^5.3.1"
      }
    },
    "node_modules/@maskito/core": {
      "version": "5.3.1",
      "license": "Apache-2.0",
      "peer": true
    },
    "node_modules/@maskito/kit": {
      "version": "5.3.1",
      "license": "Apache-2.0",
      "peer": true,
      "peerDependencies": {
        "@maskito/core": "^5.3.1"
      }
    },
    "node_modules/@maskito/phone": {
      "version": "5.3.1",
      "license": "Apache-2.0",
      "peer": true,
      "peerDependencies": {
        "@maskito/core": "^5.3.1",
        "@maskito/kit": "^5.3.1",
        "libphonenumber-js": ">=1.0.0"
      }
    },
    "node_modules/@ng-web-apis/common": {
      "version": "5.3.0",
      "license": "Apache-2.0",
      "peer": true,
      "dependencies": {
        "tslib": "^2.3.0"
      },
      "peerDependencies": {
        "@angular/common": ">=19.0.0",
        "@angular/core": ">=19.0.0",
        "@types/dom-speech-recognition": "^0.0.10",
        "rxjs": ">=7.0.0"
      }
    },
    "node_modules/@ng-web-apis/intersection-observer": {
      "version": "5.3.0",
      "license": "Apache-2.0",
      "peer": true,
      "dependencies": {
        "tslib": "^2.3.0"
      },
      "peerDependencies": {
        "@angular/core": ">=19.0.0",
        "@ng-web-apis/common": "^5.3.0"
      }
    },
    "node_modules/@ng-web-apis/mutation-observer": {
      "version": "5.3.0",
      "license": "Apache-2.0",
      "peer": true,
      "dependencies": {
        "tslib": "^2.3.0"
      },
      "peerDependencies": {
        "@angular/core": ">=19.0.0",
        "@ng-web-apis/common": "^5.3.0"
      }
    },
    "node_modules/@ng-web-apis/platform": {
      "version": "5.3.0",
      "license": "Apache-2.0",
      "peer": true,
      "dependencies": {
        "tslib": "^2.3.0"
      }
    },
    "node_modules/@ng-web-apis/resize-observer": {
      "version": "5.3.0",
      "license": "Apache-2.0",
      "peer": true,
      "dependencies": {
        "tslib": "^2.3.0"
      },
      "peerDependencies": {
        "@angular/core": ">=19.0.0",
        "@ng-web-apis/common": "^5.3.0"
      }
    },
    "node_modules/@ng-web-apis/screen-orientation": {
      "version": "5.3.0",
      "license": "Apache-2.0",
      "peer": true,
      "dependencies": {
        "tslib": "^2.3.0"
      },
      "peerDependencies": {
        "@angular/core": ">=19.0.0",
        "@ng-web-apis/common": "^5.3.0",
        "rxjs": ">=7.0.0"
      }
    },
    "node_modules/@schematics/angular": {
      "version": "22.0.7",
      "license": "MIT",
      "optional": true,
      "peer": true,
      "dependencies": {
        "@angular-devkit/core": "22.0.7",
        "@angular-devkit/schematics": "22.0.7",
        "jsonc-parser": "3.3.1",
        "typescript": "6.0.3"
      },
      "engines": {
        "node": "^22.22.3 || ^24.15.0 || >=26.0.0",
        "npm": "^6.11.0 || ^7.5.6 || >=8.0.0",
        "yarn": ">= 1.13.0"
      }
    },
    "node_modules/@standard-schema/spec": {
      "version": "1.1.0",
      "license": "MIT",
      "peer": true
    },
    "node_modules/@taiga-ui/addon-mobile": {
      "version": "5.15.0",
      "license": "Apache-2.0",
      "dependencies": {
        "tslib": ">=2.8.1"
      },
      "peerDependencies": {
        "@angular/cdk": ">=19.0.0",
        "@angular/common": ">=19.0.0",
        "@angular/core": ">=19.0.0",
        "@ng-web-apis/common": "^5.3.0",
        "@ng-web-apis/platform": "^5.3.0",
        "@taiga-ui/cdk": "5.15.0",
        "@taiga-ui/core": "5.15.0",
        "@taiga-ui/kit": "5.15.0",
        "@taiga-ui/layout": "5.15.0",
        "@taiga-ui/polymorpheus": "^5.0.1",
        "rxjs": ">=7.0.0"
      }
    },
    "node_modules/@taiga-ui/addon-table": {
      "version": "5.15.0",
      "resolved": "https://registry.npmjs.org/@taiga-ui/addon-table/-/addon-table-5.15.0.tgz",
      "integrity": "sha512-QLEvDrCDe+kgWifnbjndRQMKDL6lzBdT9+S9lKwc+H3Z+GhPUry3ZcpejX8lX4OtKg7huMdHYdEDKIc5kBXrNA==",
      "license": "Apache-2.0",
      "dependencies": {
        "tslib": ">=2.8.1"
      },
      "peerDependencies": {
        "@angular/common": ">=19.0.0",
        "@angular/core": ">=19.0.0",
        "@ng-web-apis/intersection-observer": "^5.3.0",
        "@taiga-ui/cdk": "5.15.0",
        "@taiga-ui/core": "5.15.0",
        "@taiga-ui/i18n": "5.15.0",
        "@taiga-ui/kit": "5.15.0",
        "@taiga-ui/polymorpheus": "^5.0.1",
        "rxjs": ">=7.0.0"
      }
    },
    "node_modules/@taiga-ui/cdk": {
      "version": "5.15.0",
      "license": "Apache-2.0",
      "peer": true,
      "dependencies": {
        "tslib": "2.8.1"
      },
      "optionalDependencies": {
        "@angular-devkit/core": ">=19.0.0",
        "@angular-devkit/schematics": ">=19.0.0",
        "@schematics/angular": ">=19.0.0",
        "ng-morph": "^5.0.1",
        "parse5": "^7.3.0"
      },
      "peerDependencies": {
        "@angular/cdk": ">=19.0.0",
        "@angular/common": ">=19.0.0",
        "@angular/core": ">=19.0.0",
        "@angular/forms": ">=19.0.0",
        "@ng-web-apis/common": "^5.3.0",
        "@ng-web-apis/mutation-observer": "^5.3.0",
        "@ng-web-apis/platform": "^5.3.0",
        "@ng-web-apis/resize-observer": "^5.3.0",
        "@ng-web-apis/screen-orientation": "^5.3.0",
        "@taiga-ui/event-plugins": "^5.0.0",
        "@taiga-ui/font-watcher": "~0.6.0",
        "@taiga-ui/polymorpheus": "^5.0.1",
        "rxjs": ">=7.0.0"
      }
    },
    "node_modules/@taiga-ui/cdk/node_modules/entities": {
      "version": "6.0.1",
      "license": "BSD-2-Clause",
      "optional": true,
      "peer": true,
      "engines": {
        "node": ">=0.12"
      },
      "funding": {
        "url": "https://github.com/fb55/entities?sponsor=1"
      }
    },
    "node_modules/@taiga-ui/cdk/node_modules/parse5": {
      "version": "7.3.0",
      "license": "MIT",
      "optional": true,
      "peer": true,
      "dependencies": {
        "entities": "^6.0.0"
      },
      "funding": {
        "url": "https://github.com/inikulin/parse5?sponsor=1"
      }
    },
    "node_modules/@taiga-ui/core": {
      "version": "5.15.0",
      "license": "Apache-2.0",
      "dependencies": {
        "tslib": ">=2.8.1"
      },
      "peerDependencies": {
        "@angular/common": ">=19.0.0",
        "@angular/core": ">=19.0.0",
        "@angular/forms": ">=19.0.0",
        "@angular/platform-browser": ">=19.0.0",
        "@angular/router": ">=19.0.0",
        "@ng-web-apis/common": "^5.3.0",
        "@ng-web-apis/intersection-observer": "^5.3.0",
        "@ng-web-apis/mutation-observer": "^5.3.0",
        "@ng-web-apis/platform": "^5.3.0",
        "@taiga-ui/cdk": "5.15.0",
        "@taiga-ui/event-plugins": "^5.0.0",
        "@taiga-ui/i18n": "5.15.0",
        "@taiga-ui/polymorpheus": "^5.0.1",
        "@taiga-ui/styles": "5.15.0",
        "rxjs": ">=7.0.0"
      }
    },
    "node_modules/@taiga-ui/design-tokens": {
      "version": "0.310.0",
      "license": "Apache-2.0",
      "peer": true,
      "dependencies": {
        "tslib": "^2.3.0"
      }
    },
    "node_modules/@taiga-ui/event-plugins": {
      "version": "5.0.0",
      "license": "Apache-2.0",
      "peer": true,
      "dependencies": {
        "tslib": "^2.3.0"
      },
      "peerDependencies": {
        "@angular/core": ">=16.0.0",
        "@angular/platform-browser": ">=16.0.0",
        "rxjs": ">=7.0.0"
      }
    },
    "node_modules/@taiga-ui/font-watcher": {
      "version": "0.6.0",
      "license": "Apache-2.0",
      "peer": true
    },
    "node_modules/@taiga-ui/i18n": {
      "version": "5.15.0",
      "license": "Apache-2.0",
      "peer": true,
      "dependencies": {
        "tslib": ">=2.8.1"
      },
      "peerDependencies": {
        "@angular/core": ">=19.0.0",
        "@ng-web-apis/common": "^5.3.0",
        "rxjs": ">=7.0.0"
      }
    },
    "node_modules/@taiga-ui/icons": {
      "version": "5.15.0",
      "resolved": "https://registry.npmjs.org/@taiga-ui/icons/-/icons-5.15.0.tgz",
      "integrity": "sha512-8+ruAJ3BcXckae3Kl5PQ8cggmnAggJ+YTomyEg2wpjGWY1O/yDV7bmeTtM4a0YNA63nQIDjRIXiR/LIHj9LHMg==",
      "license": "Apache-2.0",
      "dependencies": {
        "tslib": "^2.3.0"
      }
    },
    "node_modules/@taiga-ui/kit": {
      "version": "5.15.0",
      "license": "Apache-2.0",
      "dependencies": {
        "tslib": ">=2.8.1"
      },
      "peerDependencies": {
        "@angular/common": ">=19.0.0",
        "@angular/core": ">=19.0.0",
        "@angular/forms": ">=19.0.0",
        "@angular/router": ">=19.0.0",
        "@maskito/angular": "^5.3.1",
        "@maskito/core": "^5.3.1",
        "@maskito/kit": "^5.3.1",
        "@maskito/phone": "^5.3.1",
        "@ng-web-apis/common": "^5.3.0",
        "@ng-web-apis/intersection-observer": "^5.3.0",
        "@ng-web-apis/mutation-observer": "^5.3.0",
        "@ng-web-apis/platform": "^5.3.0",
        "@ng-web-apis/resize-observer": "^5.3.0",
        "@taiga-ui/cdk": "5.15.0",
        "@taiga-ui/core": "5.15.0",
        "@taiga-ui/i18n": "5.15.0",
        "@taiga-ui/polymorpheus": "^5.0.1",
        "@taiga-ui/styles": "5.15.0",
        "rxjs": ">=7.0.0"
      }
    },
    "node_modules/@taiga-ui/layout": {
      "version": "5.15.0",
      "license": "Apache-2.0",
      "peer": true,
      "dependencies": {
        "tslib": ">=2.8.1"
      },
      "peerDependencies": {
        "@angular/common": ">=19.0.0",
        "@angular/core": ">=19.0.0",
        "@taiga-ui/cdk": "5.15.0",
        "@taiga-ui/core": "5.15.0",
        "@taiga-ui/kit": "5.15.0",
        "@taiga-ui/polymorpheus": "^5.0.1",
        "rxjs": ">=7.0.0"
      }
    },
    "node_modules/@taiga-ui/polymorpheus": {
      "version": "5.0.1",
      "license": "Apache-2.0",
      "peer": true,
      "dependencies": {
        "tslib": "^2.8.1"
      },
      "peerDependencies": {
        "@angular/core": ">=19.0.0",
        "@angular/platform-browser": ">=19.0.0"
      }
    },
    "node_modules/@taiga-ui/styles": {
      "version": "5.15.0",
      "license": "Apache-2.0",
      "peer": true,
      "peerDependencies": {
        "@taiga-ui/design-tokens": "~0.310.0"
      }
    },
    "node_modules/@ts-morph/common": {
      "version": "0.28.1",
      "license": "MIT",
      "optional": true,
      "peer": true,
      "dependencies": {
        "minimatch": "^10.0.1",
        "path-browserify": "^1.0.1",
        "tinyglobby": "^0.2.14"
      }
    },
    "node_modules/@types/dom-speech-recognition": {
      "version": "0.0.10",
      "license": "MIT",
      "peer": true
    },
    "node_modules/@types/semver": {
      "version": "7.7.1",
      "license": "MIT",
      "optional": true,
      "peer": true
    },
    "node_modules/ajv": {
      "version": "8.20.0",
      "license": "MIT",
      "optional": true,
      "peer": true,
      "dependencies": {
        "fast-deep-equal": "^3.1.3",
        "fast-uri": "^3.0.1",
        "json-schema-traverse": "^1.0.0",
        "require-from-string": "^2.0.2"
      },
      "funding": {
        "type": "github",
        "url": "https://github.com/sponsors/epoberezkin"
      }
    },
    "node_modules/ajv-formats": {
      "version": "3.0.1",
      "license": "MIT",
      "optional": true,
      "peer": true,
      "dependencies": {
        "ajv": "^8.0.0"
      },
      "peerDependencies": {
        "ajv": "^8.0.0"
      },
      "peerDependenciesMeta": {
        "ajv": {
          "optional": true
        }
      }
    },
    "node_modules/ansi-regex": {
      "version": "6.2.2",
      "license": "MIT",
      "optional": true,
      "peer": true,
      "engines": {
        "node": ">=12"
      },
      "funding": {
        "url": "https://github.com/chalk/ansi-regex?sponsor=1"
      }
    },
    "node_modules/array-differ": {
      "version": "4.0.0",
      "license": "MIT",
      "optional": true,
      "peer": true,
      "engines": {
        "node": "^12.20.0 || ^14.13.1 || >=16.0.0"
      },
      "funding": {
        "url": "https://github.com/sponsors/sindresorhus"
      }
    },
    "node_modules/array-union": {
      "version": "3.0.1",
      "license": "MIT",
      "optional": true,
      "peer": true,
      "engines": {
        "node": ">=12"
      },
      "funding": {
        "url": "https://github.com/sponsors/sindresorhus"
      }
    },
    "node_modules/balanced-match": {
      "version": "4.0.4",
      "license": "MIT",
      "optional": true,
      "peer": true,
      "engines": {
        "node": "18 || 20 || >=22"
      }
    },
    "node_modules/blueimp-canvas-to-blob": {
      "version": "3.29.0",
      "license": "MIT"
    },
    "node_modules/brace-expansion": {
      "version": "5.0.7",
      "license": "MIT",
      "optional": true,
      "peer": true,
      "dependencies": {
        "balanced-match": "^4.0.2"
      },
      "engines": {
        "node": "18 || 20 || >=22"
      }
    },
    "node_modules/chalk": {
      "version": "5.6.2",
      "license": "MIT",
      "optional": true,
      "peer": true,
      "engines": {
        "node": "^12.17.0 || ^14.13 || >=16.0.0"
      },
      "funding": {
        "url": "https://github.com/chalk/chalk?sponsor=1"
      }
    },
    "node_modules/cli-cursor": {
      "version": "5.0.0",
      "license": "MIT",
      "optional": true,
      "peer": true,
      "dependencies": {
        "restore-cursor": "^5.0.0"
      },
      "engines": {
        "node": ">=18"
      },
      "funding": {
        "url": "https://github.com/sponsors/sindresorhus"
      }
    },
    "node_modules/cli-spinners": {
      "version": "3.4.0",
      "license": "MIT",
      "optional": true,
      "peer": true,
      "engines": {
        "node": ">=18.20"
      },
      "funding": {
        "url": "https://github.com/sponsors/sindresorhus"
      }
    },
    "node_modules/code-block-writer": {
      "version": "13.0.3",
      "license": "MIT",
      "optional": true,
      "peer": true
    },
    "node_modules/compressorjs": {
      "version": "1.3.0",
      "license": "MIT",
      "dependencies": {
        "blueimp-canvas-to-blob": "^3.29.0",
        "is-blob": "^2.1.0"
      }
    },
    "node_modules/entities": {
      "version": "8.0.0",
      "license": "BSD-2-Clause",
      "peer": true,
      "engines": {
        "node": ">=20.19.0"
      },
      "funding": {
        "url": "https://github.com/fb55/entities?sponsor=1"
      }
    },
    "node_modules/fast-deep-equal": {
      "version": "3.1.3",
      "license": "MIT",
      "optional": true,
      "peer": true
    },
    "node_modules/fast-uri": {
      "version": "3.1.3",
      "funding": [
        {
          "type": "github",
          "url": "https://github.com/sponsors/fastify"
        },
        {
          "type": "opencollective",
          "url": "https://opencollective.com/fastify"
        }
      ],
      "license": "BSD-3-Clause",
      "optional": true,
      "peer": true
    },
    "node_modules/fdir": {
      "version": "6.5.0",
      "license": "MIT",
      "optional": true,
      "peer": true,
      "engines": {
        "node": ">=12.0.0"
      },
      "peerDependencies": {
        "picomatch": "^3 || ^4"
      },
      "peerDependenciesMeta": {
        "picomatch": {
          "optional": true
        }
      }
    },
    "node_modules/get-east-asian-width": {
      "version": "1.6.0",
      "license": "MIT",
      "optional": true,
      "peer": true,
      "engines": {
        "node": ">=18"
      },
      "funding": {
        "url": "https://github.com/sponsors/sindresorhus"
      }
    },
    "node_modules/is-blob": {
      "version": "2.1.0",
      "license": "MIT",
      "engines": {
        "node": ">=6"
      },
      "funding": {
        "url": "https://github.com/sponsors/sindresorhus"
      }
    },
    "node_modules/is-interactive": {
      "version": "2.0.0",
      "license": "MIT",
      "optional": true,
      "peer": true,
      "engines": {
        "node": ">=12"
      },
      "funding": {
        "url": "https://github.com/sponsors/sindresorhus"
      }
    },
    "node_modules/is-unicode-supported": {
      "version": "2.1.0",
      "license": "MIT",
      "optional": true,
      "peer": true,
      "engines": {
        "node": ">=18"
      },
      "funding": {
        "url": "https://github.com/sponsors/sindresorhus"
      }
    },
    "node_modules/json-schema-traverse": {
      "version": "1.0.0",
      "license": "MIT",
      "optional": true,
      "peer": true
    },
    "node_modules/jsonc-parser": {
      "version": "3.3.1",
      "license": "MIT",
      "optional": true,
      "peer": true
    },
    "node_modules/libphonenumber-js": {
      "version": "1.13.8",
      "license": "MIT",
      "peer": true
    },
    "node_modules/log-symbols": {
      "version": "7.0.1",
      "license": "MIT",
      "optional": true,
      "peer": true,
      "dependencies": {
        "is-unicode-supported": "^2.0.0",
        "yoctocolors": "^2.1.1"
      },
      "engines": {
        "node": ">=18"
      },
      "funding": {
        "url": "https://github.com/sponsors/sindresorhus"
      }
    },
    "node_modules/magic-string": {
      "version": "0.30.21",
      "license": "MIT",
      "optional": true,
      "peer": true,
      "dependencies": {
        "@jridgewell/sourcemap-codec": "^1.5.5"
      }
    },
    "node_modules/marked": {
      "version": "18.0.6",
      "resolved": "https://registry.npmjs.org/marked/-/marked-18.0.6.tgz",
      "integrity": "sha512-MrV5puXBfuiy6wl6DLaq3BtIJQAJToAd5zt/ZKhRfGRAuFPALE7/4Y7jnxRQoEgK/pBgurGqLyAuRgZ2xOjr6w==",
      "license": "MIT",
      "bin": {
        "marked": "bin/marked.js"
      },
      "engines": {
        "node": ">= 20"
      }
    },
    "node_modules/mimic-function": {
      "version": "5.0.1",
      "license": "MIT",
      "optional": true,
      "peer": true,
      "engines": {
        "node": ">=18"
      },
      "funding": {
        "url": "https://github.com/sponsors/sindresorhus"
      }
    },
    "node_modules/minimatch": {
      "version": "10.2.5",
      "license": "BlueOak-1.0.0",
      "optional": true,
      "peer": true,
      "dependencies": {
        "brace-expansion": "^5.0.5"
      },
      "engines": {
        "node": "18 || 20 || >=22"
      },
      "funding": {
        "url": "https://github.com/sponsors/isaacs"
      }
    },
    "node_modules/multimatch": {
      "version": "8.0.0",
      "license": "MIT",
      "optional": true,
      "peer": true,
      "dependencies": {
        "array-differ": "^4.0.0",
        "array-union": "^3.0.1",
        "minimatch": "^10.2.2"
      },
      "engines": {
        "node": ">=20"
      },
      "funding": {
        "url": "https://github.com/sponsors/sindresorhus"
      }
    },
    "node_modules/ng-morph": {
      "version": "5.0.1",
      "license": "Apache-2.0",
      "optional": true,
      "peer": true,
      "dependencies": {
        "jsonc-parser": "3.3.1",
        "minimatch": "10.2.5",
        "multimatch": "8.0.0",
        "ts-morph": "27.0.2"
      },
      "peerDependencies": {
        "@angular-devkit/core": ">=19.0.0",
        "@angular-devkit/schematics": ">=19.0.0",
        "@types/semver": "^7.7.1",
        "tslib": "^2.8.1"
      }
    },
    "node_modules/onetime": {
      "version": "7.0.0",
      "license": "MIT",
      "optional": true,
      "peer": true,
      "dependencies": {
        "mimic-function": "^5.0.0"
      },
      "engines": {
        "node": ">=18"
      },
      "funding": {
        "url": "https://github.com/sponsors/sindresorhus"
      }
    },
    "node_modules/ora": {
      "version": "9.4.0",
      "license": "MIT",
      "optional": true,
      "peer": true,
      "dependencies": {
        "chalk": "^5.6.2",
        "cli-cursor": "^5.0.0",
        "cli-spinners": "^3.2.0",
        "is-interactive": "^2.0.0",
        "is-unicode-supported": "^2.1.0",
        "log-symbols": "^7.0.1",
        "stdin-discarder": "^0.3.2",
        "string-width": "^8.1.0"
      },
      "engines": {
        "node": ">=20"
      },
      "funding": {
        "url": "https://github.com/sponsors/sindresorhus"
      }
    },
    "node_modules/parse5": {
      "version": "8.0.1",
      "license": "MIT",
      "peer": true,
      "dependencies": {
        "entities": "^8.0.0"
      },
      "funding": {
        "url": "https://github.com/inikulin/parse5?sponsor=1"
      }
    },
    "node_modules/path-browserify": {
      "version": "1.0.1",
      "license": "MIT",
      "optional": true,
      "peer": true
    },
    "node_modules/picomatch": {
      "version": "4.0.4",
      "license": "MIT",
      "optional": true,
      "peer": true,
      "engines": {
        "node": ">=12"
      },
      "funding": {
        "url": "https://github.com/sponsors/jonschlinkert"
      }
    },
    "node_modules/require-from-string": {
      "version": "2.0.2",
      "license": "MIT",
      "optional": true,
      "peer": true,
      "engines": {
        "node": ">=0.10.0"
      }
    },
    "node_modules/restore-cursor": {
      "version": "5.1.0",
      "license": "MIT",
      "optional": true,
      "peer": true,
      "dependencies": {
        "onetime": "^7.0.0",
        "signal-exit": "^4.1.0"
      },
      "engines": {
        "node": ">=18"
      },
      "funding": {
        "url": "https://github.com/sponsors/sindresorhus"
      }
    },
    "node_modules/rxjs": {
      "version": "7.8.2",
      "license": "Apache-2.0",
      "peer": true,
      "dependencies": {
        "tslib": "^2.1.0"
      }
    },
    "node_modules/signal-exit": {
      "version": "4.1.0",
      "license": "ISC",
      "optional": true,
      "peer": true,
      "engines": {
        "node": ">=14"
      },
      "funding": {
        "url": "https://github.com/sponsors/isaacs"
      }
    },
    "node_modules/source-map": {
      "version": "0.7.6",
      "license": "BSD-3-Clause",
      "optional": true,
      "peer": true,
      "engines": {
        "node": ">= 12"
      }
    },
    "node_modules/stdin-discarder": {
      "version": "0.3.2",
      "license": "MIT",
      "optional": true,
      "peer": true,
      "engines": {
        "node": ">=18"
      },
      "funding": {
        "url": "https://github.com/sponsors/sindresorhus"
      }
    },
    "node_modules/string-width": {
      "version": "8.2.2",
      "license": "MIT",
      "optional": true,
      "peer": true,
      "dependencies": {
        "get-east-asian-width": "^1.5.0",
        "strip-ansi": "^7.1.2"
      },
      "engines": {
        "node": ">=20"
      },
      "funding": {
        "url": "https://github.com/sponsors/sindresorhus"
      }
    },
    "node_modules/strip-ansi": {
      "version": "7.2.0",
      "license": "MIT",
      "optional": true,
      "peer": true,
      "dependencies": {
        "ansi-regex": "^6.2.2"
      },
      "engines": {
        "node": ">=12"
      },
      "funding": {
        "url": "https://github.com/chalk/strip-ansi?sponsor=1"
      }
    },
    "node_modules/tinyglobby": {
      "version": "0.2.17",
      "license": "MIT",
      "optional": true,
      "peer": true,
      "dependencies": {
        "fdir": "^6.5.0",
        "picomatch": "^4.0.4"
      },
      "engines": {
        "node": ">=12.0.0"
      },
      "funding": {
        "url": "https://github.com/sponsors/SuperchupuDev"
      }
    },
    "node_modules/ts-morph": {
      "version": "27.0.2",
      "license": "MIT",
      "optional": true,
      "peer": true,
      "dependencies": {
        "@ts-morph/common": "~0.28.1",
        "code-block-writer": "^13.0.3"
      }
    },
    "node_modules/tslib": {
      "version": "2.8.1",
      "license": "0BSD"
    },
    "node_modules/typescript": {
      "version": "6.0.3",
      "license": "Apache-2.0",
      "optional": true,
      "peer": true,
      "bin": {
        "tsc": "bin/tsc",
        "tsserver": "bin/tsserver"
      },
      "engines": {
        "node": ">=14.17"
      }
    },
    "node_modules/uuid": {
      "version": "14.0.1",
      "resolved": "https://registry.npmjs.org/uuid/-/uuid-14.0.1.tgz",
      "integrity": "sha512-6ZxzVpzDXDa3bJWaHilVayA+BH/1zmxCJoVgvmqJnid/gPoKHxUrS/aC/T6LGQtNHT+XHG9fXPJB4d+IrU30Ew==",
      "funding": [
        "https://github.com/sponsors/broofa",
        "https://github.com/sponsors/ctavan"
      ],
      "license": "MIT",
      "bin": {
        "uuid": "dist-node/bin/uuid"
      }
    },
    "node_modules/yoctocolors": {
      "version": "2.1.2",
      "license": "MIT",
      "optional": true,
      "peer": true,
      "engines": {
        "node": ">=18"
      },
      "funding": {
        "url": "https://github.com/sponsors/sindresorhus"
      }
    },
    "node_modules/zod": {
      "version": "4.4.3",
      "license": "MIT",
      "peer": true,
      "funding": {
        "url": "https://github.com/sponsors/colinhacks"
      }
    }
  }
}
